// !$*UTF8*$!
{
	archiveVersion = 1;
	classes = {
	};
	objectVersion = 46;
	objects = {

/* Begin PBXBuildFile section */
		491FDD9C19E684260080665E /* AppDelegate.swift in Sources */ = {isa = PBXBuildFile; fileRef = 491FDD9B19E684260080665E /* AppDelegate.swift */; };
		491FDD9E19E684260080665E /* ViewController.swift in Sources */ = {isa = PBXBuildFile; fileRef = 491FDD9D19E684260080665E /* ViewController.swift */; };
		491FDDA119E684260080665E /* Main.storyboard in Resources */ = {isa = PBXBuildFile; fileRef = 491FDD9F19E684260080665E /* Main.storyboard */; };
		491FDDA319E684260080665E /* Images.xcassets in Resources */ = {isa = PBXBuildFile; fileRef = 491FDDA219E684260080665E /* Images.xcassets */; };
		491FDDA619E684260080665E /* LaunchScreen.xib in Resources */ = {isa = PBXBuildFile; fileRef = 491FDDA419E684260080665E /* LaunchScreen.xib */; };
		491FDDB219E684260080665E /* _9_Red_BalloonsTests.swift in Sources */ = {isa = PBXBuildFile; fileRef = 491FDDB119E684260080665E /* _9_Red_BalloonsTests.swift */; };
		491FDDBC19E6871F0080665E /* Balloon.swift in Sources */ = {isa = PBXBuildFile; fileRef = 491FDDBB19E6871F0080665E /* Balloon.swift */; };
		491FDDC219E68A200080665E /* BerlinTVTower.jpg in Resources */ = {isa = PBXBuildFile; fileRef = 491FDDBD19E68A200080665E /* BerlinTVTower.jpg */; };
		491FDDC319E68A200080665E /* RedBalloon1.jpg in Resources */ = {isa = PBXBuildFile; fileRef = 491FDDBE19E68A200080665E /* RedBalloon1.jpg */; };
		491FDDC419E68A200080665E /* RedBalloon2.jpg in Resources */ = {isa = PBXBuildFile; fileRef = 491FDDBF19E68A200080665E /* RedBalloon2.jpg */; };
		491FDDC519E68A200080665E /* RedBalloon3.jpg in Resources */ = {isa = PBXBuildFile; fileRef = 491FDDC019E68A200080665E /* RedBalloon3.jpg */; };
		491FDDC619E68A200080665E /* RedBalloon4.jpg in Resources */ = {isa = PBXBuildFile; fileRef = 491FDDC119E68A200080665E /* RedBalloon4.jpg */; };
/* End PBXBuildFile section */

/* Begin PBXContainerItemProxy section */
		491FDDAC19E684260080665E /* PBXContainerItemProxy */ = {
			isa = PBXContainerItemProxy;
			containerPortal = 491FDD8E19E684260080665E /* Project object */;
			proxyType = 1;
			remoteGlobalIDString = 491FDD9519E684260080665E;
			remoteInfo = "99 Red Balloons";
		};
/* End PBXContainerItemProxy section */

/* Begin PBXFileReference section */
		491FDD9619E684260080665E /* 99 Red Balloons.app */ = {isa = PBXFileReference; explicitFileType = wrapper.application; includeInIndex = 0; path = "99 Red Balloons.app"; sourceTree = BUILT_PRODUCTS_DIR; };
		491FDD9A19E684260080665E /* Info.plist */ = {isa = PBXFileReference; lastKnownFileType = text.plist.xml; path = Info.plist; sourceTree = "<group>"; };
		491FDD9B19E684260080665E /* AppDelegate.swift */ = {isa = PBXFileReference; lastKnownFileType = sourcecode.swift; path = AppDelegate.swift; sourceTree = "<group>"; };
		491FDD9D19E684260080665E /* ViewController.swift */ = {isa = PBXFileReference; lastKnownFileType = sourcecode.swift; path = ViewController.swift; sourceTree = "<group>"; };
		491FDDA019E684260080665E /* Base */ = {isa = PBXFileReference; lastKnownFileType = file.storyboard; name = Base; path = Base.lproj/Main.storyboard; sourceTree = "<group>"; };
		491FDDA219E684260080665E /* Images.xcassets */ = {isa = PBXFileReference; lastKnownFileType = folder.assetcatalog; path = Images.xcassets; sourceTree = "<group>"; };
		491FDDA519E684260080665E /* Base */ = {isa = PBXFileReference; lastKnownFileType = file.xib; name = Base; path = Base.lproj/LaunchScreen.xib; sourceTree = "<group>"; };
		491FDDAB19E684260080665E /* 99 Red BalloonsTests.xctest */ = {isa = PBXFileReference; explicitFileType = wrapper.cfbundle; includeInIndex = 0; path = "99 Red BalloonsTests.xctest"; sourceTree = BUILT_PRODUCTS_DIR; };
		491FDDB019E684260080665E /* Info.plist */ = {isa = PBXFileReference; lastKnownFileType = text.plist.xml; path = Info.plist; sourceTree = "<group>"; };
		491FDDB119E684260080665E /* _9_Red_BalloonsTests.swift */ = {isa = PBXFileReference; lastKnownFileType = sourcecode.swift; path = _9_Red_BalloonsTests.swift; sourceTree = "<group>"; };
		491FDDBB19E6871F0080665E /* Balloon.swift */ = {isa = PBXFileReference; fileEncoding = 4; lastKnownFileType = sourcecode.swift; path = Balloon.swift; sourceTree = "<group>"; };
		491FDDBD19E68A200080665E /* BerlinTVTower.jpg */ = {isa = PBXFileReference; lastKnownFileType = image.jpeg; path = BerlinTVTower.jpg; sourceTree = "<group>"; };
		491FDDBE19E68A200080665E /* RedBalloon1.jpg */ = {isa = PBXFileReference; lastKnownFileType = image.jpeg; path = RedBalloon1.jpg; sourceTree = "<group>"; };
		491FDDBF19E68A200080665E /* RedBalloon2.jpg */ = {isa = PBXFileReference; lastKnownFileType = image.jpeg; path = RedBalloon2.jpg; sourceTree = "<group>"; };
		491FDDC019E68A200080665E /* RedBalloon3.jpg */ = {isa = PBXFileReference; lastKnownFileType = image.jpeg; path = RedBalloon3.jpg; sourceTree = "<group>"; };
		491FDDC119E68A200080665E /* RedBalloon4.jpg */ = {isa = PBXFileReference; lastKnownFileType = image.jpeg; path = RedBalloon4.jpg; sourceTree = "<group>"; };
/* End PBXFileReference section */

/* Begin PBXFrameworksBuildPhase section */
		491FDD9319E684260080665E /* Frameworks */ = {
			isa = PBXFrameworksBuildPhase;
			buildActionMask = 2147483647;
			files = (
			);
			runOnlyForDeploymentPostprocessing = 0;
		};
		491FDDA819E684260080665E /* Frameworks */ = {
			isa = PBXFrameworksBuildPhase;
			buildActionMask = 2147483647;
			files = (
			);
			runOnlyForDeploymentPostprocessing = 0;
		};
/* End PBXFrameworksBuildPhase section */

/* Begin PBXGroup section */
		491FDD8D19E684260080665E = {
			isa = PBXGroup;
			children = (
				491FDD9819E684260080665E /* 99 Red Balloons */,
				491FDDAE19E684260080665E /* 99 Red BalloonsTests */,
				491FDD9719E684260080665E /* Products */,
			);
			sourceTree = "<group>";
		};
		491FDD9719E684260080665E /* Products */ = {
			isa = PBXGroup;
			children = (
				491FDD9619E684260080665E /* 99 Red Balloons.app */,
				491FDDAB19E684260080665E /* 99 Red BalloonsTests.xctest */,
			);
			name = Products;
			sourceTree = "<group>";
		};
		491FDD9819E684260080665E /* 99 Red Balloons */ = {
			isa = PBXGroup;
			children = (
				491FDD9B19E684260080665E /* AppDelegate.swift */,
				491FDD9D19E684260080665E /* ViewController.swift */,
				491FDDBB19E6871F0080665E /* Balloon.swift */,
				491FDD9F19E684260080665E /* Main.storyboard */,
				491FDDA219E684260080665E /* Images.xcassets */,
				491FDDA419E684260080665E /* LaunchScreen.xib */,
				491FDD9919E684260080665E /* Supporting Files */,
			);
			path = "99 Red Balloons";
			sourceTree = "<group>";
		};
		491FDD9919E684260080665E /* Supporting Files */ = {
			isa = PBXGroup;
			children = (
				491FDDBD19E68A200080665E /* BerlinTVTower.jpg */,
				491FDDBE19E68A200080665E /* RedBalloon1.jpg */,
				491FDDBF19E68A200080665E /* RedBalloon2.jpg */,
				491FDDC019E68A200080665E /* RedBalloon3.jpg */,
				491FDDC119E68A200080665E /* RedBalloon4.jpg */,
				491FDD9A19E684260080665E /* Info.plist */,
			);
			name = "Supporting Files";
			sourceTree = "<group>";
		};
		491FDDAE19E684260080665E /* 99 Red BalloonsTests */ = {
			isa = PBXGroup;
			children = (
				491FDDB119E684260080665E /* _9_Red_BalloonsTests.swift */,
				491FDDAF19E684260080665E /* Supporting Files */,
			);
			path = "99 Red BalloonsTests";
			sourceTree = "<group>";
		};
		491FDDAF19E684260080665E /* Supporting Files */ = {
			isa = PBXGroup;
			children = (
				491FDDB019E684260080665E /* Info.plist */,
			);
			name = "Supporting Files";
			sourceTree = "<group>";
		};
/* End PBXGroup section */

/* Begin PBXNativeTarget section */
		491FDD9519E684260080665E /* 99 Red Balloons */ = {
			isa = PBXNativeTarget;
			buildConfigurationList = 491FDDB519E684270080665E /* Build configuration list for PBXNativeTarget "99 Red Balloons" */;
			buildPhases = (
				491FDD9219E684260080665E /* Sources */,
				491FDD9319E684260080665E /* Frameworks */,
				491FDD9419E684260080665E /* Resources */,
			);
			buildRules = (
			);
			dependencies = (
			);
			name = "99 Red Balloons";
			productName = "99 Red Balloons";
			productReference = 491FDD9619E684260080665E /* 99 Red Balloons.app */;
			productType = "com.apple.product-type.application";
		};
		491FDDAA19E684260080665E /* 99 Red BalloonsTests */ = {
			isa = PBXNativeTarget;
			buildConfigurationList = 491FDDB819E684270080665E /* Build configuration list for PBXNativeTarget "99 Red BalloonsTests" */;
			buildPhases = (
				491FDDA719E684260080665E /* Sources */,
				491FDDA819E684260080665E /* Frameworks */,
				491FDDA919E684260080665E /* Resources */,
			);
			buildRules = (
			);
			dependencies = (
				491FDDAD19E684260080665E /* PBXTargetDependency */,
			);
			name = "99 Red BalloonsTests";
			productName = "99 Red BalloonsTests";
			productReference = 491FDDAB19E684260080665E /* 99 Red BalloonsTests.xctest */;
			productType = "com.apple.product-type.bundle.unit-test";
		};
/* End PBXNativeTarget section */

/* Begin PBXProject section */
		491FDD8E19E684260080665E /* Project object */ = {
			isa = PBXProject;
			attributes = {
				LastUpgradeCheck = 0600;
				ORGANIZATIONNAME = "Account Hero";
				TargetAttributes = {
					491FDD9519E684260080665E = {
						CreatedOnToolsVersion = 6.0.1;
					};
					491FDDAA19E684260080665E = {
						CreatedOnToolsVersion = 6.0.1;
						TestTargetID = 491FDD9519E684260080665E;
					};
				};
			};
			buildConfigurationList = 491FDD9119E684260080665E /* Build configuration list for PBXProject "99 Red Balloons" */;
			compatibilityVersion = "Xcode 3.2";
			developmentRegion = English;
			hasScannedForEncodings = 0;
			knownRegions = (
				en,
				Base,
			);
			mainGroup = 491FDD8D19E684260080665E;
			productRefGroup = 491FDD9719E684260080665E /* Products */;
			projectDirPath = "";
			projectRoot = "";
			targets = (
				491FDD9519E684260080665E /* 99 Red Balloons */,
				491FDDAA19E684260080665E /* 99 Red BalloonsTests */,
			);
		};
/* End PBXProject section */

/* Begin PBXResourcesBuildPhase section */
		491FDD9419E684260080665E /* Resources */ = {
			isa = PBXResourcesBuildPhase;
			buildActionMask = 2147483647;
			files = (
				491FDDC419E68A200080665E /* RedBalloon2.jpg in Resources */,
				491FDDA119E684260080665E /* Main.storyboard in Resources */,
				491FDDC519E68A200080665E /* RedBalloon3.jpg in Resources */,
				491FDDA619E684260080665E /* LaunchScreen.xib in Resources */,
				491FDDC619E68A200080665E /* RedBalloon4.jpg in Resources */,
				491FDDA319E684260080665E /* Images.xcassets in Resources */,
				491FDDC319E68A200080665E /* RedBalloon1.jpg in Resources */,
				491FDDC219E68A200080665E /* BerlinTVTower.jpg in Resources */,
			);
			runOnlyForDeploymentPostprocessing = 0;
		};
		491FDDA919E684260080665E /* Resources */ = {
			isa = PBXResourcesBuildPhase;
			buildActionMask = 2147483647;
			files = (
			);
			runOnlyForDeploymentPostprocessing = 0;
		};
/* End PBXResourcesBuildPhase section */

/* Begin PBXSourcesBuildPhase section */
		491FDD9219E684260080665E /* Sources */ = {
			isa = PBXSourcesBuildPhase;
			buildActionMask = 2147483647;
			files = (
				491FDD9E19E684260080665E /* ViewController.swift in Sources */,
				491FDDBC19E6871F0080665E /* Balloon.swift in Sources */,
				491FDD9C19E684260080665E /* AppDelegate.swift in Sources */,
			);
			runOnlyForDeploymentPostprocessing = 0;
		};
		491FDDA719E684260080665E /* Sources */ = {
			isa = PBXSourcesBuildPhase;
			buildActionMask = 2147483647;
			files = (
				491FDDB219E684260080665E /* _9_Red_BalloonsTests.swift in Sources */,
			);
			runOnlyForDeploymentPostprocessing = 0;
		};
/* End PBXSourcesBuildPhase section */

/* Begin PBXTargetDependency section */
		491FDDAD19E684260080665E /* PBXTargetDependency */ = {
			isa = PBXTargetDependency;
			target = 491FDD9519E684260080665E /* 99 Red Balloons */;
			targetProxy = 491FDDAC19E684260080665E /* PBXContainerItemProxy */;
		};
/* End PBXTargetDependency section */

/* Begin PBXVariantGroup section */
		491FDD9F19E684260080665E /* Main.storyboard */ = {
			isa = PBXVariantGroup;
			children = (
				491FDDA019E684260080665E /* Base */,
			);
			name = Main.storyboard;
			sourceTree = "<group>";
		};
		491FDDA419E684260080665E /* LaunchScreen.xib */ = {
			isa = PBXVariantGroup;
			children = (
				491FDDA519E684260080665E /* Base */,
			);
			name = LaunchScreen.xib;
			sourceTree = "<group>";
		};
/* End PBXVariantGroup section */

/* Begin XCBuildConfiguration section */
		491FDDB319E684270080665E /* Debug */ = {
			isa = XCBuildConfiguration;
			buildSettings = {
				ALWAYS_SEARCH_USER_PATHS = NO;
				CLANG_CXX_LANGUAGE_STANDARD = "gnu++0x";
				CLANG_CXX_LIBRARY = "libc++";
				CLANG_ENABLE_MODULES = YES;
				CLANG_ENABLE_OBJC_ARC = YES;
				CLANG_WARN_BOOL_CONVERSION = YES;
				CLANG_WARN_CONSTANT_CONVERSION = YES;
				CLANG_WARN_DIRECT_OBJC_ISA_USAGE = YES_ERROR;
				CLANG_WARN_EMPTY_BODY = YES;
				CLANG_WARN_ENUM_CONVERSION = YES;
				CLANG_WARN_INT_CONVERSION = YES;
				CLANG_WARN_OBJC_ROOT_CLASS = YES_ERROR;
				CLANG_WARN_UNREACHABLE_CODE = YES;
				CLANG_WARN__DUPLICATE_METHOD_MATCH = YES;
				"CODE_SIGN_IDENTITY[sdk=iphoneos*]" = "iPhone Developer";
				COPY_PHASE_STRIP = NO;
				ENABLE_STRICT_OBJC_MSGSEND = YES;
				GCC_C_LANGUAGE_STANDARD = gnu99;
				GCC_DYNAMIC_NO_PIC = NO;
				GCC_OPTIMIZATION_LEVEL = 0;
				GCC_PREPROCESSOR_DEFINITIONS = (
					"DEBUG=1",
					"$(inherited)",
				);
				GCC_SYMBOLS_PRIVATE_EXTERN = NO;
				GCC_WARN_64_TO_32_BIT_CONVERSION = YES;
				GCC_WARN_ABOUT_RETURN_TYPE = YES_ERROR;
				GCC_WARN_UNDECLARED_SELECTOR = YES;
				GCC_WARN_UNINITIALIZED_AUTOS = YES_AGGRESSIVE;
				GCC_WARN_UNUSED_FUNCTION = YES;
				GCC_WARN_UNUSED_VARIABLE = YES;
				IPHONEOS_DEPLOYMENT_TARGET = 8.0;
				MTL_ENABLE_DEBUG_INFO = YES;
				ONLY_ACTIVE_ARCH = YES;
				SDKROOT = iphoneos;
				SWIFT_OPTIMIZATION_LEVEL = "-Onone";
				TARGETED_DEVICE_FAMILY = "1,2";
			};
			name = Debug;
		};
		491FDDB419E684270080665E /* Release */ = {
			isa = XCBuildConfiguration;
			buildSettings = {
				ALWAYS_SEARCH_USER_PATHS = NO;
				CLANG_CXX_LANGUAGE_STANDARD = "gnu++0x";
				CLANG_CXX_LIBRARY = "libc++";
				CLANG_ENABLE_MODULES = YES;
				CLANG_ENABLE_OBJC_ARC = YES;
				CLANG_WARN_BOOL_CONVERSION = YES;
				CLANG_WARN_CONSTANT_CONVERSION = YES;
				CLANG_WARN_DIRECT_OBJC_ISA_USAGE = YES_ERROR;
				CLANG_WARN_EMPTY_BODY = YES;
				CLANG_WARN_ENUM_CONVERSION = YES;
				CLANG_WARN_INT_CONVERSION = YES;
				CLANG_WARN_OBJC_ROOT_CLASS = YES_ERROR;
				CLANG_WARN_UNREACHABLE_CODE = YES;
				CLANG_WARN__DUPLICATE_METHOD_MATCH = YES;
				"CODE_SIGN_IDENTITY[sdk=iphoneos*]" = "iPhone Developer";
				COPY_PHASE_STRIP = YES;
				ENABLE_NS_ASSERTIONS = NO;
				ENABLE_STRICT_OBJC_MSGSEND = YES;
				GCC_C_LANGUAGE_STANDARD = gnu99;
				GCC_WARN_64_TO_32_BIT_CONVERSION = YES;
				GCC_WARN_ABOUT_RETURN_TYPE = YES_ERROR;
				GCC_WARN_UNDECLARED_SELECTOR = YES;
				GCC_WARN_UNINITIALIZED_AUTOS = YES_AGGRESSIVE;
				GCC_WARN_UNUSED_FUNCTION = YES;
				GCC_WARN_UNUSED_VARIABLE = YES;
				IPHONEOS_DEPLOYMENT_TARGET = 8.0;
				MTL_ENABLE_DEBUG_INFO = NO;
				SDKROOT = iphoneos;
				TARGETED_DEVICE_FAMILY = "1,2";
				VALIDATE_PRODUCT = YES;
			};
			name = Release;
		};
		491FDDB619E684270080665E /* Debug */ = {
			isa = XCBuildConfiguration;
			buildSettings = {
				ASSETCATALOG_COMPILER_APPICON_NAME = AppIcon;
				INFOPLIST_FILE = "99 Red Balloons/Info.plist";
				LD_RUNPATH_SEARCH_PATHS = "$(inherited) @executable_path/Frameworks";
				PRODUCT_NAME = "$(TARGET_NAME)";
			};
			name = Debug;
		};
		491FDDB719E684270080665E /* Release */ = {
			isa = XCBuildConfiguration;
			buildSettings = {
				ASSETCATALOG_COMPILER_APPICON_NAME = AppIcon;
				INFOPLIST_FILE = "99 Red Balloons/Info.plist";
				LD_RUNPATH_SEARCH_PATHS = "$(inherited) @executable_path/Frameworks";
				PRODUCT_NAME = "$(TARGET_NAME)";
			};
			name = Release;
		};
		491FDDB919E684270080665E /* Debug */ = {
			isa = XCBuildConfiguration;
			buildSettings = {
				BUNDLE_LOADER = "$(TEST_HOST)";
				FRAMEWORK_SEARCH_PATHS = (
					"$(SDKROOT)/Developer/Library/Frameworks",
					"$(inherited)",
				);
				GCC_PREPROCESSOR_DEFINITIONS = (
					"DEBUG=1",
					"$(inherited)",
				);
				INFOPLIST_FILE = "99 Red BalloonsTests/Info.plist";
				LD_RUNPATH_SEARCH_PATHS = "$(inherited) @executable_path/Frameworks @loader_path/Frameworks";
				PRODUCT_NAME = "$(TARGET_NAME)";
				TEST_HOST = "$(BUILT_PRODUCTS_DIR)/99 Red Balloons.app/99 Red Balloons";
			};
			name = Debug;
		};
		491FDDBA19E684270080665E /* Release */ = {
			isa = XCBuildConfiguration;
			buildSettings = {
				BUNDLE_LOADER = "$(TEST_HOST)";
				FRAMEWORK_SEARCH_PATHS = (
					"$(SDKROOT)/Developer/Library/Frameworks",
					"$(inherited)",
				);
				INFOPLIST_FILE = "99 Red BalloonsTests/Info.plist";
				LD_RUNPATH_SEARCH_PATHS = "$(inherited) @executable_path/Frameworks @loader_path/Frameworks";
				PRODUCT_NAME = "$(TARGET_NAME)";
				TEST_HOST = "$(BUILT_PRODUCTS_DIR)/99 Red Balloons.app/99 Red Balloons";
			};
			name = Release;
		};
/* End XCBuildConfiguration section */

/* Begin XCConfigurationList section */
		491FDD9119E684260080665E /* Build configuration list for PBXProject "99 Red Balloons" */ = {
			isa = XCConfigurationList;
			buildConfigurations = (
				491FDDB319E684270080665E /* Debug */,
				491FDDB419E684270080665E /* Release */,
			);
			defaultConfigurationIsVisible = 0;
			defaultConfigurationName = Release;
		};
		491FDDB519E684270080665E /* Build configuration list for PBXNativeTarget "99 Red Balloons" */ = {
			isa = XCConfigurationList;
			buildConfigurations = (
				491FDDB619E684270080665E /* Debug */,
				491FDDB719E684270080665E /* Release */,
			);
			defaultConfigurationIsVisible = 0;
		};
		491FDDB819E684270080665E /* Build configuration list for PBXNativeTarget "99 Red BalloonsTests" */ = {
			isa = XCConfigurationList;
			buildConfigurations = (
				491FDDB919E684270080665E /* Debug */,
				491FDDBA19E684270080665E /* Release */,
			);
			defaultConfigurationIsVisible = 0;
		};
/* End XCConfigurationList section */
	};
	rootObject = 491FDD8E19E684260080665E /* Project object */;
}
